// !$*UTF8*$!
{
	archiveVersion = 1;
	classes = {
	};
	objectVersion = 46;
	objects = {

/* Begin PBXBuildFile section */
		1E0519B31C996C31008CC160 /* ResourcePath.mm in Sources */ = {isa = PBXBuildFile; fileRef = 1E0519B21C996C31008CC160 /* ResourcePath.mm */; };
		1E0519B61C996C31008CC160 /* main.cpp in Sources */ = {isa = PBXBuildFile; fileRef = 1E0519B51C996C31008CC160 /* main.cpp */; };
		1E0519BD1C996C31008CC160 /* sansation.ttf in Resources */ = {isa = PBXBuildFile; fileRef = 1E0519BC1C996C31008CC160 /* sansation.ttf */; };
		1E06F7181D43AC1300BAB626 /* EntityFlag.cpp in Sources */ = {isa = PBXBuildFile; fileRef = 1E06F7161D43AC1300BAB626 /* EntityFlag.cpp */; };
		1E07BFB01CB2B3F600B410CD /* Camera.cpp in Sources */ = {isa = PBXBuildFile; fileRef = 1E07BFAE1CB2B3F600B410CD /* Camera.cpp */; };
		1E12A7BD1CB1912F0085208A /* sewer_tileset.png in Resources */ = {isa = PBXBuildFile; fileRef = 1E12A7BB1CB1912F0085208A /* sewer_tileset.png */; };
		1E12A7BE1CB1912F0085208A /* tmw_desert_spacing.png in Resources */ = {isa = PBXBuildFile; fileRef = 1E12A7BC1CB1912F0085208A /* tmw_desert_spacing.png */; };
		1E38D05E1CC3E19600BD9BE5 /* libpugi.dylib in Frameworks */ = {isa = PBXBuildFile; fileRef = 1E38D05A1CC3DF6700BD9BE5 /* libpugi.dylib */; };
		1E38D05F1CC3E19600BD9BE5 /* libtmx-loader.dylib in Frameworks */ = {isa = PBXBuildFile; fileRef = 1E38D05B1CC3DF6700BD9BE5 /* libtmx-loader.dylib */; };
		1E397B381D43D792000731DF /* Player.cpp in Sources */ = {isa = PBXBuildFile; fileRef = 1E397B371D43D792000731DF /* Player.cpp */; };
		1E397B3D1D43DA56000731DF /* Renderer.cpp in Sources */ = {isa = PBXBuildFile; fileRef = 1E397B3B1D43DA56000731DF /* Renderer.cpp */; };
		1E3E63A81D28203E006E478B /* Test_Level.tmx in Resources */ = {isa = PBXBuildFile; fileRef = 1E3E63A71D28203E006E478B /* Test_Level.tmx */; };
		1E3E63AB1D282C79006E478B /* smb3-cb47f744294.png in Resources */ = {isa = PBXBuildFile; fileRef = 1E3E63AA1D282C79006E478B /* smb3-cb47f744294.png */; };
		1E3E63AE1D296E5E006E478B /* SNES - Super Mario World - Mario.png in Resources */ = {isa = PBXBuildFile; fileRef = 1E3E63AD1D296E5E006E478B /* SNES - Super Mario World - Mario.png */; };
		1E3E9B031CA9AC8900159DCB /* libz.1.2.5.tbd in Frameworks */ = {isa = PBXBuildFile; fileRef = 1E3E9B011CA9A94600159DCB /* libz.1.2.5.tbd */; };
		1E3E9B431CA9D4A700159DCB /* desert.tmx in Resources */ = {isa = PBXBuildFile; fileRef = 1E3E9B411CA9D4A700159DCB /* desert.tmx */; };
		1E3E9B441CA9D4A700159DCB /* desert.tsx in Resources */ = {isa = PBXBuildFile; fileRef = 1E3E9B421CA9D4A700159DCB /* desert.tsx */; };
		1EA479B81C9985B2004696A5 /* Animator.cpp in Sources */ = {isa = PBXBuildFile; fileRef = 1EA479A51C9985B2004696A5 /* Animator.cpp */; };
		1EA479B91C9985B2004696A5 /* Constants.cpp in Sources */ = {isa = PBXBuildFile; fileRef = 1EA479A81C9985B2004696A5 /* Constants.cpp */; };
		1EA479BA1C9985B2004696A5 /* Engine.cpp in Sources */ = {isa = PBXBuildFile; fileRef = 1EA479A91C9985B2004696A5 /* Engine.cpp */; };
		1EA479BB1C9985B2004696A5 /* Event.cpp in Sources */ = {isa = PBXBuildFile; fileRef = 1EA479AB1C9985B2004696A5 /* Event.cpp */; };
		1EA479BC1C9985B2004696A5 /* FPS.cpp in Sources */ = {isa = PBXBuildFile; fileRef = 1EA479AD1C9985B2004696A5 /* FPS.cpp */; };
		1EA479BD1C9985B2004696A5 /* GameObject.cpp in Sources */ = {isa = PBXBuildFile; fileRef = 1EA479AF1C9985B2004696A5 /* GameObject.cpp */; };
		1EA479BE1C9985B2004696A5 /* GameObjectManager.cpp in Sources */ = {isa = PBXBuildFile; fileRef = 1EA479B11C9985B2004696A5 /* GameObjectManager.cpp */; };
		1EA479BF1C9985B2004696A5 /* PlayerOLD.cpp in Sources */ = {isa = PBXBuildFile; fileRef = 1EA479B31C9985B2004696A5 /* PlayerOLD.cpp */; };
		1EA479C01C9985B2004696A5 /* smb2-heroes_sheet.png in Resources */ = {isa = PBXBuildFile; fileRef = 1EA479B51C9985B2004696A5 /* smb2-heroes_sheet.png */; };
		1EA479C11C9985B2004696A5 /* stdafx.cpp in Sources */ = {isa = PBXBuildFile; fileRef = 1EA479B61C9985B2004696A5 /* stdafx.cpp */; };
		1EB9AE5C1D07132D00BBC42A /* CollisionEvent.cpp in Sources */ = {isa = PBXBuildFile; fileRef = 1EB9AE5A1D07132D00BBC42A /* CollisionEvent.cpp */; };
		1EC00EAB1C9B345E003EEB24 /* Utils.cpp in Sources */ = {isa = PBXBuildFile; fileRef = 1EC00EAA1C9B345E003EEB24 /* Utils.cpp */; };
		1EC00EAD1C9B4673003EEB24 /* mariosheet.gif in Resources */ = {isa = PBXBuildFile; fileRef = 1EC00EAC1C9B4673003EEB24 /* mariosheet.gif */; };
		1EDCED2C1D3FB8DA00804252 /* Components.cpp in Sources */ = {isa = PBXBuildFile; fileRef = 1EDCED2A1D3FB8DA00804252 /* Components.cpp */; };
		1EDCED321D3FD94600804252 /* EntityManager.cpp in Sources */ = {isa = PBXBuildFile; fileRef = 1EDCED301D3FD94600804252 /* EntityManager.cpp */; };
		1EDCED3C1D3FE29D00804252 /* Position.cpp in Sources */ = {isa = PBXBuildFile; fileRef = 1EDCED3A1D3FE29D00804252 /* Position.cpp */; };
		1EDCED3F1D3FE56A00804252 /* World.cpp in Sources */ = {isa = PBXBuildFile; fileRef = 1EDCED3D1D3FE56A00804252 /* World.cpp */; };
		1EDCED411D3FE7EB00804252 /* Movement.cpp in Sources */ = {isa = PBXBuildFile; fileRef = 1EDCED401D3FE7EB00804252 /* Movement.cpp */; };
		1EDCED451D3FE97500804252 /* Velocity.cpp in Sources */ = {isa = PBXBuildFile; fileRef = 1EDCED431D3FE97500804252 /* Velocity.cpp */; };
		1EDCED481D3FEE9700804252 /* SystemManager.cpp in Sources */ = {isa = PBXBuildFile; fileRef = 1EDCED461D3FEE9700804252 /* SystemManager.cpp */; };
		1EDCED4B1D42294900804252 /* Appearance.cpp in Sources */ = {isa = PBXBuildFile; fileRef = 1EDCED491D42294900804252 /* Appearance.cpp */; };
		1EDCED4E1D422EAB00804252 /* Acceleration.cpp in Sources */ = {isa = PBXBuildFile; fileRef = 1EDCED4C1D422EAB00804252 /* Acceleration.cpp */; };
		1EDCED521D42466600804252 /* SystemBase.cpp in Sources */ = {isa = PBXBuildFile; fileRef = 1EDCED501D42466600804252 /* SystemBase.cpp */; };
		1EDCED551D424D1C00804252 /* Controller.cpp in Sources */ = {isa = PBXBuildFile; fileRef = 1EDCED531D424D1C00804252 /* Controller.cpp */; };
		1EE552831D65FD0400CB6CA2 /* ManagerBase.cpp in Sources */ = {isa = PBXBuildFile; fileRef = 1EE552811D65FD0400CB6CA2 /* ManagerBase.cpp */; };
/* End PBXBuildFile section */

/* Begin PBXFileReference section */
		1E0519AD1C996C31008CC160 /* GameEngine2D.app */ = {isa = PBXFileReference; explicitFileType = wrapper.application; includeInIndex = 0; path = GameEngine2D.app; sourceTree = BUILT_PRODUCTS_DIR; };
		1E0519B11C996C31008CC160 /* GameEngine2D-Info.plist */ = {isa = PBXFileReference; lastKnownFileType = text.plist.xml; path = "GameEngine2D-Info.plist"; sourceTree = "<group>"; };
		1E0519B21C996C31008CC160 /* ResourcePath.mm */ = {isa = PBXFileReference; lastKnownFileType = sourcecode.cpp.objcpp; path = ResourcePath.mm; sourceTree = "<group>"; };
		1E0519B41C996C31008CC160 /* ResourcePath.hpp */ = {isa = PBXFileReference; lastKnownFileType = sourcecode.cpp.h; path = ResourcePath.hpp; sourceTree = "<group>"; };
		1E0519B51C996C31008CC160 /* main.cpp */ = {isa = PBXFileReference; lastKnownFileType = sourcecode.cpp.cpp; path = main.cpp; sourceTree = "<group>"; };
		1E0519BC1C996C31008CC160 /* sansation.ttf */ = {isa = PBXFileReference; lastKnownFileType = file; path = sansation.ttf; sourceTree = "<group>"; };
		1E06F7161D43AC1300BAB626 /* EntityFlag.cpp */ = {isa = PBXFileReference; fileEncoding = 4; lastKnownFileType = sourcecode.cpp.cpp; path = EntityFlag.cpp; sourceTree = "<group>"; };
		1E06F7171D43AC1300BAB626 /* EntityFlag.hpp */ = {isa = PBXFileReference; fileEncoding = 4; lastKnownFileType = sourcecode.cpp.h; path = EntityFlag.hpp; sourceTree = "<group>"; };
		1E07BFAE1CB2B3F600B410CD /* Camera.cpp */ = {isa = PBXFileReference; fileEncoding = 4; lastKnownFileType = sourcecode.cpp.cpp; path = Camera.cpp; sourceTree = "<group>"; };
		1E07BFAF1CB2B3F600B410CD /* Camera.hpp */ = {isa = PBXFileReference; fileEncoding = 4; lastKnownFileType = sourcecode.cpp.h; path = Camera.hpp; sourceTree = "<group>"; };
		1E12A7BB1CB1912F0085208A /* sewer_tileset.png */ = {isa = PBXFileReference; lastKnownFileType = image.png; name = sewer_tileset.png; path = resources/maps/sewer_tileset.png; sourceTree = "<group>"; };
		1E12A7BC1CB1912F0085208A /* tmw_desert_spacing.png */ = {isa = PBXFileReference; lastKnownFileType = image.png; name = tmw_desert_spacing.png; path = resources/maps/tmw_desert_spacing.png; sourceTree = "<group>"; };
		1E38D05A1CC3DF6700BD9BE5 /* libpugi.dylib */ = {isa = PBXFileReference; lastKnownFileType = "compiled.mach-o.dylib"; name = libpugi.dylib; path = "Game Engine 2D/lib/libpugi.dylib"; sourceTree = "<group>"; };
		1E38D05B1CC3DF6700BD9BE5 /* libtmx-loader.dylib */ = {isa = PBXFileReference; lastKnownFileType = "compiled.mach-o.dylib"; name = "libtmx-loader.dylib"; path = "Game Engine 2D/lib/libtmx-loader.dylib"; sourceTree = "<group>"; };
		1E397B371D43D792000731DF /* Player.cpp */ = {isa = PBXFileReference; fileEncoding = 4; lastKnownFileType = sourcecode.cpp.cpp; path = Player.cpp; sourceTree = "<group>"; };
		1E397B3A1D43D7BD000731DF /* Player.hpp */ = {isa = PBXFileReference; lastKnownFileType = sourcecode.cpp.h; path = Player.hpp; sourceTree = "<group>"; };
		1E397B3B1D43DA56000731DF /* Renderer.cpp */ = {isa = PBXFileReference; fileEncoding = 4; lastKnownFileType = sourcecode.cpp.cpp; path = Renderer.cpp; sourceTree = "<group>"; };
		1E397B3C1D43DA56000731DF /* Renderer.hpp */ = {isa = PBXFileReference; fileEncoding = 4; lastKnownFileType = sourcecode.cpp.h; path = Renderer.hpp; sourceTree = "<group>"; };
		1E3E63A71D28203E006E478B /* Test_Level.tmx */ = {isa = PBXFileReference; fileEncoding = 4; lastKnownFileType = text.xml; name = Test_Level.tmx; path = resources/maps/Test_Level.tmx; sourceTree = "<group>"; };
		1E3E63AA1D282C79006E478B /* smb3-cb47f744294.png */ = {isa = PBXFileReference; lastKnownFileType = image.png; name = "smb3-cb47f744294.png"; path = "resources/maps/smb3-cb47f744294.png"; sourceTree = "<group>"; };
		1E3E63AD1D296E5E006E478B /* SNES - Super Mario World - Mario.png */ = {isa = PBXFileReference; lastKnownFileType = image.png; name = "SNES - Super Mario World - Mario.png"; path = "resources/characters/SNES - Super Mario World - Mario.png"; sourceTree = "<group>"; };
		1E3E9B011CA9A94600159DCB /* libz.1.2.5.tbd */ = {isa = PBXFileReference; lastKnownFileType = "sourcecode.text-based-dylib-definition"; name = libz.1.2.5.tbd; path = usr/lib/libz.1.2.5.tbd; sourceTree = SDKROOT; };
		1E3E9B411CA9D4A700159DCB /* desert.tmx */ = {isa = PBXFileReference; fileEncoding = 4; lastKnownFileType = text.xml; name = desert.tmx; path = resources/maps/desert.tmx; sourceTree = "<group>"; };
		1E3E9B421CA9D4A700159DCB /* desert.tsx */ = {isa = PBXFileReference; fileEncoding = 4; lastKnownFileType = text.xml; name = desert.tsx; path = resources/maps/desert.tsx; sourceTree = "<group>"; };
		1EA479A51C9985B2004696A5 /* Animator.cpp */ = {isa = PBXFileReference; fileEncoding = 4; lastKnownFileType = sourcecode.cpp.cpp; path = Animator.cpp; sourceTree = "<group>"; };
		1EA479A61C9985B2004696A5 /* Animator.hpp */ = {isa = PBXFileReference; fileEncoding = 4; lastKnownFileType = sourcecode.cpp.h; path = Animator.hpp; sourceTree = "<group>"; };
		1EA479A71C9985B2004696A5 /* Constants.hpp */ = {isa = PBXFileReference; fileEncoding = 4; lastKnownFileType = sourcecode.cpp.h; path = Constants.hpp; sourceTree = "<group>"; };
		1EA479A81C9985B2004696A5 /* Constants.cpp */ = {isa = PBXFileReference; fileEncoding = 4; lastKnownFileType = sourcecode.cpp.cpp; path = Constants.cpp; sourceTree = "<group>"; };
		1EA479A91C9985B2004696A5 /* Engine.cpp */ = {isa = PBXFileReference; fileEncoding = 4; lastKnownFileType = sourcecode.cpp.cpp; path = Engine.cpp; sourceTree = "<group>"; };
		1EA479AA1C9985B2004696A5 /* Engine.hpp */ = {isa = PBXFileReference; fileEncoding = 4; lastKnownFileType = sourcecode.cpp.h; path = Engine.hpp; sourceTree = "<group>"; };
		1EA479AB1C9985B2004696A5 /* Event.cpp */ = {isa = PBXFileReference; fileEncoding = 4; lastKnownFileType = sourcecode.cpp.cpp; path = Event.cpp; sourceTree = "<group>"; };
		1EA479AC1C9985B2004696A5 /* Event.hpp */ = {isa = PBXFileReference; fileEncoding = 4; lastKnownFileType = sourcecode.cpp.h; path = Event.hpp; sourceTree = "<group>"; };
		1EA479AD1C9985B2004696A5 /* FPS.cpp */ = {isa = PBXFileReference; fileEncoding = 4; lastKnownFileType = sourcecode.cpp.cpp; path = FPS.cpp; sourceTree = "<group>"; };
		1EA479AE1C9985B2004696A5 /* FPS.hpp */ = {isa = PBXFileReference; fileEncoding = 4; lastKnownFileType = sourcecode.cpp.h; path = FPS.hpp; sourceTree = "<group>"; };
		1EA479AF1C9985B2004696A5 /* GameObject.cpp */ = {isa = PBXFileReference; fileEncoding = 4; lastKnownFileType = sourcecode.cpp.cpp; path = GameObject.cpp; sourceTree = "<group>"; };
		1EA479B01C9985B2004696A5 /* GameObject.hpp */ = {isa = PBXFileReference; fileEncoding = 4; lastKnownFileType = sourcecode.cpp.h; path = GameObject.hpp; sourceTree = "<group>"; };
		1EA479B11C9985B2004696A5 /* GameObjectManager.cpp */ = {isa = PBXFileReference; fileEncoding = 4; lastKnownFileType = sourcecode.cpp.cpp; path = GameObjectManager.cpp; sourceTree = "<group>"; };
		1EA479B21C9985B2004696A5 /* GameObjectManager.hpp */ = {isa = PBXFileReference; fileEncoding = 4; lastKnownFileType = sourcecode.cpp.h; path = GameObjectManager.hpp; sourceTree = "<group>"; };
		1EA479B31C9985B2004696A5 /* PlayerOLD.cpp */ = {isa = PBXFileReference; fileEncoding = 4; lastKnownFileType = sourcecode.cpp.cpp; path = PlayerOLD.cpp; sourceTree = "<group>"; };
		1EA479B41C9985B2004696A5 /* PlayerOLD.hpp */ = {isa = PBXFileReference; fileEncoding = 4; lastKnownFileType = sourcecode.cpp.h; path = PlayerOLD.hpp; sourceTree = "<group>"; };
		1EA479B51C9985B2004696A5 /* smb2-heroes_sheet.png */ = {isa = PBXFileReference; lastKnownFileType = image.png; path = "smb2-heroes_sheet.png"; sourceTree = "<group>"; };
		1EA479B61C9985B2004696A5 /* stdafx.cpp */ = {isa = PBXFileReference; fileEncoding = 4; lastKnownFileType = sourcecode.cpp.cpp; path = stdafx.cpp; sourceTree = "<group>"; };
		1EA479B71C9985B2004696A5 /* stdafx.h */ = {isa = PBXFileReference; fileEncoding = 4; lastKnownFileType = sourcecode.c.h; path = stdafx.h; sourceTree = "<group>"; };
		1EB9AE5A1D07132D00BBC42A /* CollisionEvent.cpp */ = {isa = PBXFileReference; fileEncoding = 4; lastKnownFileType = sourcecode.cpp.cpp; path = CollisionEvent.cpp; sourceTree = "<group>"; };
		1EB9AE5B1D07132D00BBC42A /* CollisionEvent.hpp */ = {isa = PBXFileReference; fileEncoding = 4; lastKnownFileType = sourcecode.cpp.h; path = CollisionEvent.hpp; sourceTree = "<group>"; };
		1EC00EA91C9B31F0003EEB24 /* Utils.hpp */ = {isa = PBXFileReference; fileEncoding = 4; lastKnownFileType = sourcecode.cpp.h; path = Utils.hpp; sourceTree = "<group>"; };
		1EC00EAA1C9B345E003EEB24 /* Utils.cpp */ = {isa = PBXFileReference; fileEncoding = 4; lastKnownFileType = sourcecode.cpp.cpp; path = Utils.cpp; sourceTree = "<group>"; };
		1EC00EAC1C9B4673003EEB24 /* mariosheet.gif */ = {isa = PBXFileReference; lastKnownFileType = image.gif; name = mariosheet.gif; path = Resources/mariosheet.gif; sourceTree = "<group>"; };
		1EDCED2A1D3FB8DA00804252 /* Components.cpp */ = {isa = PBXFileReference; fileEncoding = 4; lastKnownFileType = sourcecode.cpp.cpp; path = Components.cpp; sourceTree = "<group>"; };
		1EDCED2B1D3FB8DA00804252 /* Components.hpp */ = {isa = PBXFileReference; fileEncoding = 4; lastKnownFileType = sourcecode.cpp.h; path = Components.hpp; sourceTree = "<group>"; };
		1EDCED301D3FD94600804252 /* EntityManager.cpp */ = {isa = PBXFileReference; fileEncoding = 4; lastKnownFileType = sourcecode.cpp.cpp; path = EntityManager.cpp; sourceTree = "<group>"; };
		1EDCED311D3FD94600804252 /* EntityManager.hpp */ = {isa = PBXFileReference; fileEncoding = 4; lastKnownFileType = sourcecode.cpp.h; path = EntityManager.hpp; sourceTree = "<group>"; };
		1EDCED3A1D3FE29D00804252 /* Position.cpp */ = {isa = PBXFileReference; fileEncoding = 4; lastKnownFileType = sourcecode.cpp.cpp; path = Position.cpp; sourceTree = "<group>"; };
		1EDCED3B1D3FE29D00804252 /* Position.hpp */ = {isa = PBXFileReference; fileEncoding = 4; lastKnownFileType = sourcecode.cpp.h; path = Position.hpp; sourceTree = "<group>"; };
		1EDCED3D1D3FE56A00804252 /* World.cpp */ = {isa = PBXFileReference; fileEncoding = 4; lastKnownFileType = sourcecode.cpp.cpp; path = World.cpp; sourceTree = "<group>"; };
		1EDCED3E1D3FE56A00804252 /* World.hpp */ = {isa = PBXFileReference; fileEncoding = 4; lastKnownFileType = sourcecode.cpp.h; path = World.hpp; sourceTree = "<group>"; };
		1EDCED401D3FE7EB00804252 /* Movement.cpp */ = {isa = PBXFileReference; fileEncoding = 4; lastKnownFileType = sourcecode.cpp.cpp; path = Movement.cpp; sourceTree = "<group>"; };
		1EDCED421D3FE7F500804252 /* Movement.hpp */ = {isa = PBXFileReference; lastKnownFileType = sourcecode.cpp.h; path = Movement.hpp; sourceTree = "<group>"; };
		1EDCED431D3FE97500804252 /* Velocity.cpp */ = {isa = PBXFileReference; fileEncoding = 4; lastKnownFileType = sourcecode.cpp.cpp; path = Velocity.cpp; sourceTree = "<group>"; };
		1EDCED441D3FE97500804252 /* Velocity.hpp */ = {isa = PBXFileReference; fileEncoding = 4; lastKnownFileType = sourcecode.cpp.h; path = Velocity.hpp; sourceTree = "<group>"; };
		1EDCED461D3FEE9700804252 /* SystemManager.cpp */ = {isa = PBXFileReference; fileEncoding = 4; lastKnownFileType = sourcecode.cpp.cpp; path = SystemManager.cpp; sourceTree = "<group>"; };
		1EDCED471D3FEE9700804252 /* SystemManager.hpp */ = {isa = PBXFileReference; fileEncoding = 4; lastKnownFileType = sourcecode.cpp.h; path = SystemManager.hpp; sourceTree = "<group>"; };
		1EDCED491D42294900804252 /* Appearance.cpp */ = {isa = PBXFileReference; fileEncoding = 4; lastKnownFileType = sourcecode.cpp.cpp; path = Appearance.cpp; sourceTree = "<group>"; };
		1EDCED4A1D42294900804252 /* Appearance.hpp */ = {isa = PBXFileReference; fileEncoding = 4; lastKnownFileType = sourcecode.cpp.h; path = Appearance.hpp; sourceTree = "<group>"; };
		1EDCED4C1D422EAB00804252 /* Acceleration.cpp */ = {isa = PBXFileReference; fileEncoding = 4; lastKnownFileType = sourcecode.cpp.cpp; path = Acceleration.cpp; sourceTree = "<group>"; };
		1EDCED4D1D422EAB00804252 /* Acceleration.hpp */ = {isa = PBXFileReference; fileEncoding = 4; lastKnownFileType = sourcecode.cpp.h; path = Acceleration.hpp; sourceTree = "<group>"; };
		1EDCED501D42466600804252 /* SystemBase.cpp */ = {isa = PBXFileReference; fileEncoding = 4; lastKnownFileType = sourcecode.cpp.cpp; path = SystemBase.cpp; sourceTree = "<group>"; };
		1EDCED511D42466600804252 /* SystemBase.hpp */ = {isa = PBXFileReference; fileEncoding = 4; lastKnownFileType = sourcecode.cpp.h; path = SystemBase.hpp; sourceTree = "<group>"; };
		1EDCED531D424D1C00804252 /* Controller.cpp */ = {isa = PBXFileReference; fileEncoding = 4; lastKnownFileType = sourcecode.cpp.cpp; path = Controller.cpp; sourceTree = "<group>"; };
		1EDCED541D424D1C00804252 /* Controller.hpp */ = {isa = PBXFileReference; fileEncoding = 4; lastKnownFileType = sourcecode.cpp.h; path = Controller.hpp; sourceTree = "<group>"; };
		1EE552811D65FD0400CB6CA2 /* ManagerBase.cpp */ = {isa = PBXFileReference; fileEncoding = 4; lastKnownFileType = sourcecode.cpp.cpp; path = ManagerBase.cpp; sourceTree = "<group>"; };
		1EE552821D65FD0400CB6CA2 /* ManagerBase.hpp */ = {isa = PBXFileReference; fileEncoding = 4; lastKnownFileType = sourcecode.cpp.h; path = ManagerBase.hpp; sourceTree = "<group>"; };
		1EE625C11D0ED274000B91B9 /* GameObjectType.hpp */ = {isa = PBXFileReference; lastKnownFileType = sourcecode.cpp.h; path = GameObjectType.hpp; sourceTree = "<group>"; };
/* End PBXFileReference section */

/* Begin PBXFrameworksBuildPhase section */
		1E0519A91C996C31008CC160 /* Frameworks */ = {
			isa = PBXFrameworksBuildPhase;
			buildActionMask = 2147483647;
			files = (
				1E38D05E1CC3E19600BD9BE5 /* libpugi.dylib in Frameworks */,
				1E38D05F1CC3E19600BD9BE5 /* libtmx-loader.dylib in Frameworks */,
				1E3E9B031CA9AC8900159DCB /* libz.1.2.5.tbd in Frameworks */,
			);
			runOnlyForDeploymentPostprocessing = 0;
		};
/* End PBXFrameworksBuildPhase section */

/* Begin PBXGroup section */
		1E0519A31C996C31008CC160 = {
			isa = PBXGroup;
			children = (
				1E38D05A1CC3DF6700BD9BE5 /* libpugi.dylib */,
				1E38D05B1CC3DF6700BD9BE5 /* libtmx-loader.dylib */,
				1E3E9B011CA9A94600159DCB /* libz.1.2.5.tbd */,
				1E0519AF1C996C31008CC160 /* Game Engine 2D */,
				1E0519AE1C996C31008CC160 /* Products */,
			);
			sourceTree = "<group>";
		};
		1E0519AE1C996C31008CC160 /* Products */ = {
			isa = PBXGroup;
			children = (
				1E0519AD1C996C31008CC160 /* GameEngine2D.app */,
			);
			name = Products;
			sourceTree = "<group>";
		};
		1E0519AF1C996C31008CC160 /* Game Engine 2D */ = {
			isa = PBXGroup;
			children = (
				1EA479C41C998813004696A5 /* Headers */,
				1EA479C51C99881B004696A5 /* Source */,
				1E0519B21C996C31008CC160 /* ResourcePath.mm */,
				1E0519B41C996C31008CC160 /* ResourcePath.hpp */,
				1E0519B51C996C31008CC160 /* main.cpp */,
				1E0519B71C996C31008CC160 /* Resources */,
				1E0519B01C996C31008CC160 /* Supporting Files */,
			);
			path = "Game Engine 2D";
			sourceTree = "<group>";
		};
		1E0519B01C996C31008CC160 /* Supporting Files */ = {
			isa = PBXGroup;
			children = (
				1E0519B11C996C31008CC160 /* GameEngine2D-Info.plist */,
			);
			name = "Supporting Files";
			sourceTree = "<group>";
		};
		1E0519B71C996C31008CC160 /* Resources */ = {
			isa = PBXGroup;
			children = (
				1E3E63AC1D296E3D006E478B /* characters */,
				1E3E63A91D2822BA006E478B /* maps */,
				1E12A7BB1CB1912F0085208A /* sewer_tileset.png */,
				1E12A7BC1CB1912F0085208A /* tmw_desert_spacing.png */,
				1E3E9B411CA9D4A700159DCB /* desert.tmx */,
				1E3E9B421CA9D4A700159DCB /* desert.tsx */,
				1EC00EAC1C9B4673003EEB24 /* mariosheet.gif */,
				1EA479B51C9985B2004696A5 /* smb2-heroes_sheet.png */,
				1E0519BC1C996C31008CC160 /* sansation.ttf */,
			);
			name = Resources;
			sourceTree = "<group>";
		};
		1E397B361D43D758000731DF /* Entities */ = {
			isa = PBXGroup;
			children = (
				1E397B371D43D792000731DF /* Player.cpp */,
			);
			name = Entities;
			sourceTree = "<group>";
		};
		1E397B391D43D7A5000731DF /* Entities */ = {
			isa = PBXGroup;
			children = (
				1E397B3A1D43D7BD000731DF /* Player.hpp */,
			);
			name = Entities;
			sourceTree = "<group>";
		};
		1E3E63A91D2822BA006E478B /* maps */ = {
			isa = PBXGroup;
			children = (
				1E3E63AA1D282C79006E478B /* smb3-cb47f744294.png */,
				1E3E63A71D28203E006E478B /* Test_Level.tmx */,
			);
			name = maps;
			sourceTree = "<group>";
		};
		1E3E63AC1D296E3D006E478B /* characters */ = {
			isa = PBXGroup;
			children = (
				1E3E63AD1D296E5E006E478B /* SNES - Super Mario World - Mario.png */,
			);
			name = characters;
			sourceTree = "<group>";
		};
		1EA479C41C998813004696A5 /* Headers */ = {
			isa = PBXGroup;
			children = (
				1EDCED291D3FB8BE00804252 /* GameObjects */,
				1EA479A61C9985B2004696A5 /* Animator.hpp */,
				1E07BFAF1CB2B3F600B410CD /* Camera.hpp */,
				1EB9AE5B1D07132D00BBC42A /* CollisionEvent.hpp */,
				1EA479A71C9985B2004696A5 /* Constants.hpp */,
				1EA479AA1C9985B2004696A5 /* Engine.hpp */,
				1EA479AC1C9985B2004696A5 /* Event.hpp */,
				1EA479AE1C9985B2004696A5 /* FPS.hpp */,
				1EA479B01C9985B2004696A5 /* GameObject.hpp */,
				1EA479B21C9985B2004696A5 /* GameObjectManager.hpp */,
				1EE625C11D0ED274000B91B9 /* GameObjectType.hpp */,
				1EA479B41C9985B2004696A5 /* PlayerOLD.hpp */,
				1EA479B71C9985B2004696A5 /* stdafx.h */,
				1EC00EA91C9B31F0003EEB24 /* Utils.hpp */,
			);
			name = Headers;
			sourceTree = "<group>";
		};
		1EA479C51C99881B004696A5 /* Source */ = {
			isa = PBXGroup;
			children = (
				1EDCED251D3FB86A00804252 /* GameObjects */,
				1EA479A51C9985B2004696A5 /* Animator.cpp */,
				1E07BFAE1CB2B3F600B410CD /* Camera.cpp */,
				1EB9AE5A1D07132D00BBC42A /* CollisionEvent.cpp */,
				1EA479A81C9985B2004696A5 /* Constants.cpp */,
				1EA479A91C9985B2004696A5 /* Engine.cpp */,
				1EA479AB1C9985B2004696A5 /* Event.cpp */,
				1EA479AD1C9985B2004696A5 /* FPS.cpp */,
				1EA479AF1C9985B2004696A5 /* GameObject.cpp */,
				1EA479B11C9985B2004696A5 /* GameObjectManager.cpp */,
				1EA479B31C9985B2004696A5 /* PlayerOLD.cpp */,
				1EA479B61C9985B2004696A5 /* stdafx.cpp */,
				1EC00EAA1C9B345E003EEB24 /* Utils.cpp */,
			);
			name = Source;
			sourceTree = "<group>";
		};
		1EDCED251D3FB86A00804252 /* GameObjects */ = {
			isa = PBXGroup;
			children = (
				1E397B361D43D758000731DF /* Entities */,
				1EDCED2A1D3FB8DA00804252 /* Components.cpp */,
				1EDCED301D3FD94600804252 /* EntityManager.cpp */,
				1EE552811D65FD0400CB6CA2 /* ManagerBase.cpp */,
				1EDCED461D3FEE9700804252 /* SystemManager.cpp */,
				1EDCED3D1D3FE56A00804252 /* World.cpp */,
				1EDCED371D3FE09E00804252 /* Componets */,
				1EDCED331D3FD9AE00804252 /* Systems */,
			);
			name = GameObjects;
			sourceTree = "<group>";
		};
		1EDCED291D3FB8BE00804252 /* GameObjects */ = {
			isa = PBXGroup;
			children = (
				1E397B391D43D7A5000731DF /* Entities */,
				1EDCED2B1D3FB8DA00804252 /* Components.hpp */,
				1EDCED311D3FD94600804252 /* EntityManager.hpp */,
				1EE552821D65FD0400CB6CA2 /* ManagerBase.hpp */,
				1EDCED471D3FEE9700804252 /* SystemManager.hpp */,
				1EDCED3E1D3FE56A00804252 /* World.hpp */,
				1EDCED381D3FE0A500804252 /* Components */,
				1EDCED341D3FD9B600804252 /* Systems */,
			);
			name = GameObjects;
			sourceTree = "<group>";
		};
		1EDCED331D3FD9AE00804252 /* Systems */ = {
			isa = PBXGroup;
			children = (
				1EDCED401D3FE7EB00804252 /* Movement.cpp */,
				1E397B3B1D43DA56000731DF /* Renderer.cpp */,
				1EDCED501D42466600804252 /* SystemBase.cpp */,
			);
			name = Systems;
			sourceTree = "<group>";
		};
		1EDCED341D3FD9B600804252 /* Systems */ = {
			isa = PBXGroup;
			children = (
				1EDCED421D3FE7F500804252 /* Movement.hpp */,
				1E397B3C1D43DA56000731DF /* Renderer.hpp */,
				1EDCED511D42466600804252 /* SystemBase.hpp */,
			);
			name = Systems;
			sourceTree = "<group>";
		};
		1EDCED371D3FE09E00804252 /* Componets */ = {
			isa = PBXGroup;
			children = (
				1EDCED4C1D422EAB00804252 /* Acceleration.cpp */,
				1EDCED491D42294900804252 /* Appearance.cpp */,
				1EDCED531D424D1C00804252 /* Controller.cpp */,
				1E06F7161D43AC1300BAB626 /* EntityFlag.cpp */,
				1EDCED3A1D3FE29D00804252 /* Position.cpp */,
				1EDCED431D3FE97500804252 /* Velocity.cpp */,
			);
			name = Componets;
			sourceTree = "<group>";
		};
		1EDCED381D3FE0A500804252 /* Components */ = {
			isa = PBXGroup;
			children = (
				1EDCED4D1D422EAB00804252 /* Acceleration.hpp */,
				1EDCED4A1D42294900804252 /* Appearance.hpp */,
				1EDCED541D424D1C00804252 /* Controller.hpp */,
				1E06F7171D43AC1300BAB626 /* EntityFlag.hpp */,
				1EDCED3B1D3FE29D00804252 /* Position.hpp */,
				1EDCED441D3FE97500804252 /* Velocity.hpp */,
			);
			name = Components;
			sourceTree = "<group>";
		};
/* End PBXGroup section */

/* Begin PBXNativeTarget section */
		1E0519AC1C996C31008CC160 /* GameEngine2D */ = {
			isa = PBXNativeTarget;
			buildConfigurationList = 1E0519C21C996C31008CC160 /* Build configuration list for PBXNativeTarget "GameEngine2D" */;
			buildPhases = (
				1E0519A81C996C31008CC160 /* Sources */,
				1E0519A91C996C31008CC160 /* Frameworks */,
				1E0519AA1C996C31008CC160 /* Resources */,
				1E0519AB1C996C31008CC160 /* ShellScript */,
			);
			buildRules = (
			);
			dependencies = (
			);
			name = GameEngine2D;
			productName = "Game Engine 2D";
			productReference = 1E0519AD1C996C31008CC160 /* GameEngine2D.app */;
			productType = "com.apple.product-type.application";
		};
/* End PBXNativeTarget section */

/* Begin PBXProject section */
		1E0519A41C996C31008CC160 /* Project object */ = {
			isa = PBXProject;
			attributes = {
				LastUpgradeCheck = 0730;
				ORGANIZATIONNAME = "Andrea Catalini";
				TargetAttributes = {
					1E0519AC1C996C31008CC160 = {
						CreatedOnToolsVersion = 7.2;
					};
				};
			};
			buildConfigurationList = 1E0519A71C996C31008CC160 /* Build configuration list for PBXProject "GameEngine2D" */;
			compatibilityVersion = "Xcode 3.2";
			developmentRegion = English;
			hasScannedForEncodings = 0;
			knownRegions = (
				en,
			);
			mainGroup = 1E0519A31C996C31008CC160;
			productRefGroup = 1E0519AE1C996C31008CC160 /* Products */;
			projectDirPath = "";
			projectRoot = "";
			targets = (
				1E0519AC1C996C31008CC160 /* GameEngine2D */,
			);
		};
/* End PBXProject section */

/* Begin PBXResourcesBuildPhase section */
		1E0519AA1C996C31008CC160 /* Resources */ = {
			isa = PBXResourcesBuildPhase;
			buildActionMask = 2147483647;
			files = (
				1E3E9B431CA9D4A700159DCB /* desert.tmx in Resources */,
				1EA479C01C9985B2004696A5 /* smb2-heroes_sheet.png in Resources */,
				1E12A7BE1CB1912F0085208A /* tmw_desert_spacing.png in Resources */,
				1E3E63AE1D296E5E006E478B /* SNES - Super Mario World - Mario.png in Resources */,
				1E3E9B441CA9D4A700159DCB /* desert.tsx in Resources */,
				1E0519BD1C996C31008CC160 /* sansation.ttf in Resources */,
				1EC00EAD1C9B4673003EEB24 /* mariosheet.gif in Resources */,
				1E12A7BD1CB1912F0085208A /* sewer_tileset.png in Resources */,
				1E3E63A81D28203E006E478B /* Test_Level.tmx in Resources */,
				1E3E63AB1D282C79006E478B /* smb3-cb47f744294.png in Resources */,
			);
			runOnlyForDeploymentPostprocessing = 0;
		};
/* End PBXResourcesBuildPhase section */

/* Begin PBXShellScriptBuildPhase section */
		1E0519AB1C996C31008CC160 /* ShellScript */ = {
			isa = PBXShellScriptBuildPhase;
			buildActionMask = 2147483647;
			files = (
			);
			inputPaths = (
			);
			outputPaths = (
			);
			runOnlyForDeploymentPostprocessing = 0;
			shellPath = /bin/sh;
			shellScript = "# This shell script simply copies required SFML dylibs/frameworks into the application bundle frameworks folder.\n# If you're using static libraries (which is not recommended) you should remove this script from your project.\n\n# SETTINGS\nCMAKE_INSTALL_FRAMEWORK_PREFIX=\"/Library/Frameworks\"\nCMAKE_INSTALL_LIB_PREFIX=\"/usr/local/lib\"\nFRAMEWORKS_FULL_PATH=\"$BUILT_PRODUCTS_DIR/$FRAMEWORKS_FOLDER_PATH/\"\n\n# Are we building a project that uses frameworks or dylibs?\ncase \"$SFML_BINARY_TYPE\" in\n    DYLIBS)\n        frameworks=\"false\"\n        ;;\n    *)\n        frameworks=\"true\"\n        ;;\nesac\n\n# Echoes to stderr\nerror () # $* message to display\n{\n    echo $* 1>&2\n    exit 2\n}\n\nassert () # $1 is a boolean, $2...N is an error message\n{\n    if [ $# -lt 2 ]\n    then\n        error \"Internal error in assert: not enough args\"\n    fi\n\n    if [ $1 -ne 0 ]\n    then\n        shift\n        error \"$*\"\n    fi\n}\n\nforce_remove () # $@ is some paths\n{\n    test $# -ge 1\n    assert $? \"force_remove() requires at least one parameter\"\n    rm -fr $@\n    assert $? \"couldn't remove $@\"\n}\n\ncopy () # $1 is a source, $2 is a destination\n{\n    test $# -eq 2\n    assert $? \"copy() requires two parameters\"\n    ditto \"$1\" \"$2\"\n    assert $? \"couldn't copy $1 to $2\"\n}\n\nrequire () # $1 is a SFML module like 'system' or 'audio'\n{\n    dest=\"$BUILT_PRODUCTS_DIR/$FRAMEWORKS_FOLDER_PATH/\"\n\n    if [ -z \"$1\" ]\n    then\n        error \"require() requires one parameter!\"\n    else\n        # clean potentially old stuff\n        force_remove \"$dest/libsfml-$1\"*\n        force_remove \"$dest/sfml-$1.framework\"\n\n        # copy SFML libraries\n        if [ \"$frameworks\" = \"true\" ]\n        then\n            source=\"$CMAKE_INSTALL_FRAMEWORK_PREFIX/sfml-$1.framework\"\n            target=\"sfml-$1.framework\"\n        elif [ \"$SFML_LINK_DYLIBS_SUFFIX\" = \"-d\" ]\n        then\n            source=\"$CMAKE_INSTALL_LIB_PREFIX/libsfml-$1-d.dylib\"\n            target=\"`readlink $source`\"\n        else\n            source=\"$CMAKE_INSTALL_LIB_PREFIX/libsfml-$1.dylib\"\n            target=\"`readlink $source`\"\n        fi\n\n        copy \"$source\" \"$dest/$target\"\n\n        # copy extra dependencies\n        if [ \"$1\" = \"audio\" ]\n        then\n            # copy \"FLAC\" \"ogg\" \"vorbis\" \"vorbisenc\" \"vorbisfile\" \"OpenAL\" frameworks too\n            for f in \"FLAC\" \"ogg\" \"vorbis\" \"vorbisenc\" \"vorbisfile\" \"OpenAL\"\n            do\n                copy \"$CMAKE_INSTALL_FRAMEWORK_PREFIX/$f.framework\" \"$dest/$f.framework\"\n            done\n        elif [ \"$1\" = \"graphics\" ]\n        then\n            copy \"$CMAKE_INSTALL_FRAMEWORK_PREFIX/freetype.framework\" \"$dest/freetype.framework\"\n        fi\n    fi\n}\n\nif [ -n \"$SFML_SYSTEM\" ]\nthen\n    require \"system\"\nfi\n\nif [ -n \"$SFML_AUDIO\" ]\nthen\n    require \"audio\"\nfi\n\nif [ -n \"$SFML_NETWORK\" ]\nthen\n    require \"network\"\nfi\n\nif [ -n \"$SFML_WINDOW\" ]\nthen\n    require \"window\"\nfi\n\nif [ -n \"$SFML_GRAPHICS\" ]\nthen\n    require \"graphics\"\nfi\n\n                ";
		};
/* End PBXShellScriptBuildPhase section */

/* Begin PBXSourcesBuildPhase section */
		1E0519A81C996C31008CC160 /* Sources */ = {
			isa = PBXSourcesBuildPhase;
			buildActionMask = 2147483647;
			files = (
				1EDCED451D3FE97500804252 /* Velocity.cpp in Sources */,
				1EA479BD1C9985B2004696A5 /* GameObject.cpp in Sources */,
				1E397B381D43D792000731DF /* Player.cpp in Sources */,
				1EDCED411D3FE7EB00804252 /* Movement.cpp in Sources */,
				1E397B3D1D43DA56000731DF /* Renderer.cpp in Sources */,
				1EA479BC1C9985B2004696A5 /* FPS.cpp in Sources */,
				1EA479BB1C9985B2004696A5 /* Event.cpp in Sources */,
				1EA479B81C9985B2004696A5 /* Animator.cpp in Sources */,
				1EA479BF1C9985B2004696A5 /* PlayerOLD.cpp in Sources */,
				1EDCED3C1D3FE29D00804252 /* Position.cpp in Sources */,
				1EDCED3F1D3FE56A00804252 /* World.cpp in Sources */,
				1E0519B61C996C31008CC160 /* main.cpp in Sources */,
				1E07BFB01CB2B3F600B410CD /* Camera.cpp in Sources */,
				1EDCED4B1D42294900804252 /* Appearance.cpp in Sources */,
				1E06F7181D43AC1300BAB626 /* EntityFlag.cpp in Sources */,
				1EB9AE5C1D07132D00BBC42A /* CollisionEvent.cpp in Sources */,
				1E0519B31C996C31008CC160 /* ResourcePath.mm in Sources */,
				1EC00EAB1C9B345E003EEB24 /* Utils.cpp in Sources */,
				1EA479B91C9985B2004696A5 /* Constants.cpp in Sources */,
				1EA479C11C9985B2004696A5 /* stdafx.cpp in Sources */,
				1EE552831D65FD0400CB6CA2 /* ManagerBase.cpp in Sources */,
				1EA479BA1C9985B2004696A5 /* Engine.cpp in Sources */,
				1EDCED2C1D3FB8DA00804252 /* Components.cpp in Sources */,
				1EA479BE1C9985B2004696A5 /* GameObjectManager.cpp in Sources */,
				1EDCED481D3FEE9700804252 /* SystemManager.cpp in Sources */,
				1EDCED321D3FD94600804252 /* EntityManager.cpp in Sources */,
				1EDCED551D424D1C00804252 /* Controller.cpp in Sources */,
				1EDCED4E1D422EAB00804252 /* Acceleration.cpp in Sources */,
				1EDCED521D42466600804252 /* SystemBase.cpp in Sources */,
			);
			runOnlyForDeploymentPostprocessing = 0;
		};
/* End PBXSourcesBuildPhase section */

/* Begin XCBuildConfiguration section */
		1E0519C01C996C31008CC160 /* Debug */ = {
			isa = XCBuildConfiguration;
			buildSettings = {
				CLANG_CXX_LANGUAGE_STANDARD = "c++0x";
				CLANG_CXX_LIBRARY = "libc++";
				CLANG_WARN_BOOL_CONVERSION = YES;
				CLANG_WARN_CONSTANT_CONVERSION = YES;
				CLANG_WARN_EMPTY_BODY = YES;
				CLANG_WARN_ENUM_CONVERSION = YES;
				CLANG_WARN_INT_CONVERSION = YES;
				CLANG_WARN_UNREACHABLE_CODE = YES;
				CLANG_WARN__DUPLICATE_METHOD_MATCH = YES;
				ENABLE_STRICT_OBJC_MSGSEND = YES;
				ENABLE_TESTABILITY = YES;
				FRAMEWORK_SEARCH_PATHS = (
					/Library/Frameworks/,
					"$(inherited)",
				);
				GCC_NO_COMMON_BLOCKS = YES;
				GCC_PREPROCESSOR_DEFINITIONS = "";
				GCC_VERSION = com.apple.compilers.llvm.clang.1_0;
				GCC_WARN_64_TO_32_BIT_CONVERSION = YES;
				GCC_WARN_ABOUT_RETURN_TYPE = YES;
				GCC_WARN_UNDECLARED_SELECTOR = YES;
				GCC_WARN_UNINITIALIZED_AUTOS = YES;
				GCC_WARN_UNUSED_FUNCTION = YES;
				GCC_WARN_UNUSED_VARIABLE = YES;
				HEADER_SEARCH_PATHS = (
					/usr/local/include/,
					"$(inherited)",
				);
				LIBRARY_SEARCH_PATHS = (
					/usr/local/lib/,
					"$(inherited)",
				);
				MACOSX_DEPLOYMENT_TARGET = 10.7;
				ONLY_ACTIVE_ARCH = YES;
				OTHER_LDFLAGS = (
					"$(inherited)",
					"$(SFML_SYSTEM)",
					"$(SFML_WINDOW)",
					"$(SFML_GRAPHICS)",
					"$(SFML_AUDIO)",
					"$(SFML_NETWORK)",
				);
				SFML_AUDIO = "$(SFML_LINK_PREFIX) sfml-audio$(SFML_LINK_SUFFIX)";
				SFML_BINARY_TYPE = FRAMEWORKS;
				SFML_GRAPHICS = "$(SFML_LINK_PREFIX) sfml-graphics$(SFML_LINK_SUFFIX)";
				SFML_LINK_DYLIBS_PREFIX = "-l";
				SFML_LINK_DYLIBS_SUFFIX = "";
				SFML_LINK_FRAMEWORKS_PREFIX = "-framework";
				SFML_LINK_FRAMEWORKS_SUFFIX = "";
				SFML_LINK_PREFIX = "$(SFML_LINK_$(SFML_BINARY_TYPE)_PREFIX)";
				SFML_LINK_SUFFIX = "$(SFML_LINK_$(SFML_BINARY_TYPE)_SUFFIX)";
				SFML_NETWORK = "$(SFML_LINK_PREFIX) sfml-network$(SFML_LINK_SUFFIX)";
				SFML_SYSTEM = "$(SFML_LINK_PREFIX) sfml-system$(SFML_LINK_SUFFIX)";
				SFML_WINDOW = "$(SFML_LINK_PREFIX) sfml-window$(SFML_LINK_SUFFIX)";
				SUPPORTED_PLATFORMS = macosx;
			};
			name = Debug;
		};
		1E0519C11C996C31008CC160 /* Release */ = {
			isa = XCBuildConfiguration;
			buildSettings = {
				CLANG_CXX_LANGUAGE_STANDARD = "c++0x";
				CLANG_CXX_LIBRARY = "libc++";
				CLANG_WARN_BOOL_CONVERSION = YES;
				CLANG_WARN_CONSTANT_CONVERSION = YES;
				CLANG_WARN_EMPTY_BODY = YES;
				CLANG_WARN_ENUM_CONVERSION = YES;
				CLANG_WARN_INT_CONVERSION = YES;
				CLANG_WARN_UNREACHABLE_CODE = YES;
				CLANG_WARN__DUPLICATE_METHOD_MATCH = YES;
				ENABLE_STRICT_OBJC_MSGSEND = YES;
				FRAMEWORK_SEARCH_PATHS = (
					/Library/Frameworks/,
					"$(inherited)",
				);
				GCC_NO_COMMON_BLOCKS = YES;
				GCC_PREPROCESSOR_DEFINITIONS = "";
				GCC_VERSION = com.apple.compilers.llvm.clang.1_0;
				GCC_WARN_64_TO_32_BIT_CONVERSION = YES;
				GCC_WARN_ABOUT_RETURN_TYPE = YES;
				GCC_WARN_UNDECLARED_SELECTOR = YES;
				GCC_WARN_UNINITIALIZED_AUTOS = YES;
				GCC_WARN_UNUSED_FUNCTION = YES;
				GCC_WARN_UNUSED_VARIABLE = YES;
				HEADER_SEARCH_PATHS = (
					/usr/local/include/,
					"$(inherited)",
				);
				LIBRARY_SEARCH_PATHS = (
					/usr/local/lib/,
					"$(inherited)",
				);
				MACOSX_DEPLOYMENT_TARGET = 10.7;
				OTHER_LDFLAGS = (
					"$(inherited)",
					"$(SFML_SYSTEM)",
					"$(SFML_WINDOW)",
					"$(SFML_GRAPHICS)",
					"$(SFML_AUDIO)",
					"$(SFML_NETWORK)",
				);
				SFML_AUDIO = "$(SFML_LINK_PREFIX) sfml-audio$(SFML_LINK_SUFFIX)";
				SFML_BINARY_TYPE = FRAMEWORKS;
				SFML_GRAPHICS = "$(SFML_LINK_PREFIX) sfml-graphics$(SFML_LINK_SUFFIX)";
				SFML_LINK_DYLIBS_PREFIX = "-l";
				SFML_LINK_DYLIBS_SUFFIX = "";
				SFML_LINK_FRAMEWORKS_PREFIX = "-framework";
				SFML_LINK_FRAMEWORKS_SUFFIX = "";
				SFML_LINK_PREFIX = "$(SFML_LINK_$(SFML_BINARY_TYPE)_PREFIX)";
				SFML_LINK_SUFFIX = "$(SFML_LINK_$(SFML_BINARY_TYPE)_SUFFIX)";
				SFML_NETWORK = "$(SFML_LINK_PREFIX) sfml-network$(SFML_LINK_SUFFIX)";
				SFML_SYSTEM = "$(SFML_LINK_PREFIX) sfml-system$(SFML_LINK_SUFFIX)";
				SFML_WINDOW = "$(SFML_LINK_PREFIX) sfml-window$(SFML_LINK_SUFFIX)";
				SUPPORTED_PLATFORMS = macosx;
			};
			name = Release;
		};
		1E0519C31C996C31008CC160 /* Debug */ = {
			isa = XCBuildConfiguration;
			buildSettings = {
				ARCHS = "$(ARCHS_STANDARD_64_BIT)";
				COMBINE_HIDPI_IMAGES = YES;
				COPY_PHASE_STRIP = YES;
				DEBUG_INFORMATION_FORMAT = "dwarf-with-dsym";
				GCC_OPTIMIZATION_LEVEL = 0;
				GCC_PREPROCESSOR_DEFINITIONS = (
					"DEBUG=1",
					"FRAME_RATE=0",
					"LOG_OUTPUT_CONSOLE=1",
				);
				HEADER_SEARCH_PATHS = (
					/usr/local/include/,
					"$(inherited)",
				);
				INFOPLIST_FILE = "Game Engine 2D/GameEngine2D-Info.plist";
				LD_RUNPATH_SEARCH_PATHS = "@loader_path/../Frameworks";
				LIBRARY_SEARCH_PATHS = "$(PROJECT_DIR)/Game\\ Engine\\ 2D/lib";
				ONLY_ACTIVE_ARCH = NO;
				OTHER_LDFLAGS = (
					"$(inherited)",
					"$(SFML_SYSTEM)",
					"$(SFML_WINDOW)",
					"$(SFML_GRAPHICS)",
					"$(SFML_AUDIO)",
					"$(SFML_NETWORK)",
				);
				PRODUCT_BUNDLE_IDENTIFIER = "com.andreacatalini.${PRODUCT_NAME:rfc1034identifier}";
				PRODUCT_NAME = GameEngine2D;
				STRIP_STYLE = all;
				USER_HEADER_SEARCH_PATHS = "";
			};
			name = Debug;
		};
		1E0519C41C996C31008CC160 /* Release */ = {
			isa = XCBuildConfiguration;
			buildSettings = {
				ARCHS = "$(ARCHS_STANDARD_64_BIT)";
				COMBINE_HIDPI_IMAGES = YES;
				COPY_PHASE_STRIP = YES;
				DEBUG_INFORMATION_FORMAT = "dwarf-with-dsym";
				GCC_OPTIMIZATION_LEVEL = s;
				GCC_PREPROCESSOR_DEFINITIONS = (
					"DEBUG=1",
					"FRAME_RATE=0",
					"LOG_OUTPUT_CONSOLE=1",
				);
				HEADER_SEARCH_PATHS = (
					/usr/local/include/,
					"$(inherited)",
				);
				INFOPLIST_FILE = "Game Engine 2D/GameEngine2D-Info.plist";
				LD_RUNPATH_SEARCH_PATHS = "@loader_path/../Frameworks";
				LIBRARY_SEARCH_PATHS = "$(PROJECT_DIR)/Game\\ Engine\\ 2D/lib";
				ONLY_ACTIVE_ARCH = NO;
				OTHER_LDFLAGS = (
					"$(inherited)",
					"$(SFML_SYSTEM)",
					"$(SFML_WINDOW)",
					"$(SFML_GRAPHICS)",
					"$(SFML_AUDIO)",
					"$(SFML_NETWORK)",
				);
				PRODUCT_BUNDLE_IDENTIFIER = "com.andreacatalini.${PRODUCT_NAME:rfc1034identifier}";
				PRODUCT_NAME = GameEngine2D;
				STRIP_STYLE = all;
				USER_HEADER_SEARCH_PATHS = "";
			};
			name = Release;
		};
/* End XCBuildConfiguration section */

/* Begin XCConfigurationList section */
		1E0519A71C996C31008CC160 /* Build configuration list for PBXProject "GameEngine2D" */ = {
			isa = XCConfigurationList;
			buildConfigurations = (
				1E0519C01C996C31008CC160 /* Debug */,
				1E0519C11C996C31008CC160 /* Release */,
			);
			defaultConfigurationIsVisible = 0;
			defaultConfigurationName = Release;
		};
		1E0519C21C996C31008CC160 /* Build configuration list for PBXNativeTarget "GameEngine2D" */ = {
			isa = XCConfigurationList;
			buildConfigurations = (
				1E0519C31C996C31008CC160 /* Debug */,
				1E0519C41C996C31008CC160 /* Release */,
			);
			defaultConfigurationIsVisible = 0;
			defaultConfigurationName = Release;
		};
/* End XCConfigurationList section */
	};
	rootObject = 1E0519A41C996C31008CC160 /* Project object */;
}
