<?xml version="1.0" encoding="utf-8"?>
<Project ToolsVersion="4.0" xmlns="http://schemas.microsoft.com/developer/msbuild/2003">
  <ItemGroup>
    <Filter Include="Header Files">
      <UniqueIdentifier>{93995380-89BD-4b04-88EB-625FBE52EBFB}</UniqueIdentifier>
      <Extensions>h;hh;hpp;hxx;hm;inl;inc;xsd</Extensions>
    </Filter>
    <Filter Include="tmxLoader">
      <UniqueIdentifier>{1780d598-ad6c-45fb-a3a5-bffba634ec6a}</UniqueIdentifier>
    </Filter>
    <Filter Include="tmxLoader\src">
      <UniqueIdentifier>{3ca92fc4-ced1-46f5-96e8-08d4d27c12c5}</UniqueIdentifier>
    </Filter>
    <Filter Include="tmxLoader\src\pugixml">
      <UniqueIdentifier>{0673d6b2-2218-44b1-92c1-43b8c99ee1bb}</UniqueIdentifier>
    </Filter>
    <Filter Include="tmxLoader\header">
      <UniqueIdentifier>{9e505b78-0c15-4933-a9a7-4207fd30dc43}</UniqueIdentifier>
    </Filter>
    <Filter Include="tmxLoader\header\tmx">
      <UniqueIdentifier>{014cc710-631f-4719-9d9d-0f42c4147802}</UniqueIdentifier>
    </Filter>
    <Filter Include="tmxLoader\header\pugixml">
      <UniqueIdentifier>{06157dbe-0b8c-40c5-9d64-19e955c1d486}</UniqueIdentifier>
    </Filter>
    <Filter Include="Header Files\Utils">
      <UniqueIdentifier>{fa40d5ee-3798-4c55-875e-e52090be4904}</UniqueIdentifier>
    </Filter>
    <Filter Include="Header Files\Entities">
      <UniqueIdentifier>{028bcabb-5ba0-4bd9-9fdb-9b0b7b787b91}</UniqueIdentifier>
    </Filter>
    <Filter Include="Header Files\Entities\Components">
      <UniqueIdentifier>{62fd263b-bd3b-4fc0-b19d-b17bebcdea95}</UniqueIdentifier>
    </Filter>
    <Filter Include="Header Files\Entities\Systems">
      <UniqueIdentifier>{83bd2132-b49f-41a3-b483-d14e638ddaad}</UniqueIdentifier>
    </Filter>
    <Filter Include="Header Files\GameObjects">
      <UniqueIdentifier>{b17000d4-31cd-4dce-b9db-b48ce8a1c880}</UniqueIdentifier>
    </Filter>
    <Filter Include="Header Files\Events">
      <UniqueIdentifier>{ccd89afd-3dd2-44cf-9a86-d82533b17c7e}</UniqueIdentifier>
    </Filter>
    <Filter Include="Header Files\Events\CustomEvents">
      <UniqueIdentifier>{1c260a08-1ddc-4338-88cd-a1c66eac1a3c}</UniqueIdentifier>
    </Filter>
    <Filter Include="Header Files\Entities\Animations">
      <UniqueIdentifier>{81a7e962-68f4-4951-a28c-d5db3da2c11a}</UniqueIdentifier>
    </Filter>
    <Filter Include="Header Files\Entities\BT basic nodes">
      <UniqueIdentifier>{73d83455-5f87-426e-8caa-6ae7bf841aa2}</UniqueIdentifier>
    </Filter>
    <Filter Include="Header Files\Entities\BT basic nodes\Composite">
      <UniqueIdentifier>{e47e5b84-15bc-463b-8529-577662296a72}</UniqueIdentifier>
    </Filter>
    <Filter Include="Source Files">
      <UniqueIdentifier>{4FC737F1-C7A5-4376-A066-2A32D752A2FF}</UniqueIdentifier>
      <Extensions>cpp;c;cc;cxx;def;odl;idl;hpj;bat;asm;asmx</Extensions>
    </Filter>
    <Filter Include="Source Files\Utils">
      <UniqueIdentifier>{85d41c4c-58ea-4708-a05f-d4889ace103e}</UniqueIdentifier>
    </Filter>
    <Filter Include="Source Files\Entities">
      <UniqueIdentifier>{6a791b69-32fc-4083-aa7c-d5b80c31c243}</UniqueIdentifier>
    </Filter>
    <Filter Include="Source Files\Entities\Components">
      <UniqueIdentifier>{e6ce58d7-7e30-481b-bfe9-8f27542c936d}</UniqueIdentifier>
    </Filter>
    <Filter Include="Source Files\Entities\Systems">
      <UniqueIdentifier>{491495fc-1955-4dec-b2f0-bc817f7c65c1}</UniqueIdentifier>
    </Filter>
    <Filter Include="Source Files\Entities\Animations">
      <UniqueIdentifier>{39f7bbe4-9c2c-4880-aeac-9efc192fc67a}</UniqueIdentifier>
    </Filter>
    <Filter Include="Source Files\GameObjects">
      <UniqueIdentifier>{80e5c6cc-a914-478a-b7b2-1c4cd5beba36}</UniqueIdentifier>
    </Filter>
    <Filter Include="Source Files\Events">
      <UniqueIdentifier>{f16942d9-edfa-4b15-a349-cabf5ea0b68a}</UniqueIdentifier>
    </Filter>
    <Filter Include="Source Files\Events\CustomEvents">
      <UniqueIdentifier>{b9b419b3-0b5f-489c-8e20-0d2239a7273c}</UniqueIdentifier>
    </Filter>
    <Filter Include="Game Test">
      <UniqueIdentifier>{fde115b7-0c01-4a27-aad8-1916c0872791}</UniqueIdentifier>
    </Filter>
    <Filter Include="Game Test\Header Files">
      <UniqueIdentifier>{3c42597d-6b9f-4053-89de-cace4fdccbb0}</UniqueIdentifier>
    </Filter>
    <Filter Include="Game Test\Header Files\GameObjects">
      <UniqueIdentifier>{59a1d35e-5a5c-4a81-b5f1-3ea63fc8fdce}</UniqueIdentifier>
    </Filter>
    <Filter Include="Game Test\Header Files\GameObjects\BTs">
      <UniqueIdentifier>{155e56e8-3ab0-41ba-9691-504f69768f28}</UniqueIdentifier>
    </Filter>
    <Filter Include="Game Test\Source Files">
      <UniqueIdentifier>{ef755493-b5fe-40f4-9395-9143b3be2769}</UniqueIdentifier>
    </Filter>
    <Filter Include="Game Test\Source Files\GameObjects">
      <UniqueIdentifier>{222dfa23-e2cc-431c-aec0-1b3bf63c0f79}</UniqueIdentifier>
    </Filter>
    <Filter Include="Game Test\Source Files\GameObjects\BTs">
      <UniqueIdentifier>{78d23b0f-4d27-4203-9bc6-ec62a09d39fe}</UniqueIdentifier>
    </Filter>
    <Filter Include="Source Files\Entities\BT_BasicNodes">
      <UniqueIdentifier>{e99c8222-7c57-46cc-8ca8-c32d67491ada}</UniqueIdentifier>
    </Filter>
    <Filter Include="Header Files\Debug">
      <UniqueIdentifier>{e5a029a9-0b5c-4cbb-a05b-ffbb038418dc}</UniqueIdentifier>
    </Filter>
    <Filter Include="Source Files\Debug">
      <UniqueIdentifier>{c7fccae8-316c-47c8-af0b-77d4df12eb14}</UniqueIdentifier>
    </Filter>
  </ItemGroup>
  <ItemGroup>
    <ClCompile Include="Camera.cpp">
      <Filter>Source Files</Filter>
    </ClCompile>
    <ClCompile Include="CollisionEvent.cpp">
      <Filter>Source Files</Filter>
    </ClCompile>
    <ClCompile Include="Constants.cpp">
      <Filter>Source Files</Filter>
    </ClCompile>
    <ClCompile Include="Engine.cpp">
      <Filter>Source Files</Filter>
    </ClCompile>
    <ClCompile Include="Event.cpp">
      <Filter>Source Files</Filter>
    </ClCompile>
    <ClCompile Include="FPS.cpp">
      <Filter>Source Files</Filter>
    </ClCompile>
    <ClCompile Include="main.cpp">
      <Filter>Source Files</Filter>
    </ClCompile>
    <ClCompile Include="stdafx.cpp">
      <Filter>Source Files</Filter>
    </ClCompile>
    <ClCompile Include="World.cpp">
      <Filter>Source Files</Filter>
    </ClCompile>
    <ClCompile Include="tmx\DebugShape.cpp">
      <Filter>tmxLoader\src</Filter>
    </ClCompile>
    <ClCompile Include="tmx\Log.cpp">
      <Filter>tmxLoader\src</Filter>
    </ClCompile>
    <ClCompile Include="tmx\MapLayer.cpp">
      <Filter>tmxLoader\src</Filter>
    </ClCompile>
    <ClCompile Include="tmx\MapLoaderPrivate.cpp">
      <Filter>tmxLoader\src</Filter>
    </ClCompile>
    <ClCompile Include="tmx\MapLoaderPublic.cpp">
      <Filter>tmxLoader\src</Filter>
    </ClCompile>
    <ClCompile Include="tmx\MapObject.cpp">
      <Filter>tmxLoader\src</Filter>
    </ClCompile>
    <ClCompile Include="tmx\miniz.c">
      <Filter>tmxLoader\src</Filter>
    </ClCompile>
    <ClCompile Include="tmx\QuadTreeNode.cpp">
      <Filter>tmxLoader\src</Filter>
    </ClCompile>
    <ClCompile Include="tmx\pugixml\pugixml.cpp">
      <Filter>tmxLoader\src\pugixml</Filter>
    </ClCompile>
    <ClCompile Include="Acceleration.cpp">
      <Filter>Source Files\Entities\Components</Filter>
    </ClCompile>
    <ClCompile Include="Animation.cpp">
      <Filter>Source Files\Entities\Components</Filter>
    </ClCompile>
    <ClCompile Include="Appearance.cpp">
      <Filter>Source Files\Entities\Components</Filter>
    </ClCompile>
    <ClCompile Include="Collider.cpp">
      <Filter>Source Files\Entities\Components</Filter>
    </ClCompile>
    <ClCompile Include="ComponentBase.cpp">
      <Filter>Source Files\Entities\Components</Filter>
    </ClCompile>
    <ClCompile Include="Velocity.cpp">
      <Filter>Source Files\Entities\Components</Filter>
    </ClCompile>
    <ClCompile Include="UtilConstants.cpp">
      <Filter>Source Files\Utils</Filter>
    </ClCompile>
    <ClCompile Include="Utils.cpp">
      <Filter>Source Files\Utils</Filter>
    </ClCompile>
    <ClCompile Include="SystemManager.cpp">
      <Filter>Source Files\Entities</Filter>
    </ClCompile>
    <ClCompile Include="SystemBase.cpp">
      <Filter>Source Files\Entities\Systems</Filter>
    </ClCompile>
    <ClCompile Include="EntityManager.cpp">
      <Filter>Source Files\Entities</Filter>
    </ClCompile>
    <ClCompile Include="CollisionDetectionUtils.cpp">
      <Filter>Source Files\Utils</Filter>
    </ClCompile>
    <ClCompile Include="Animator.cpp">
      <Filter>Source Files\Entities\Systems</Filter>
    </ClCompile>
    <ClCompile Include="Movement.cpp">
      <Filter>Source Files\Entities\Systems</Filter>
    </ClCompile>
    <ClCompile Include="Renderer.cpp">
      <Filter>Source Files\Entities\Systems</Filter>
    </ClCompile>
    <ClCompile Include="Controller.cpp">
      <Filter>Source Files\Entities\Components</Filter>
    </ClCompile>
    <ClCompile Include="EntityFlag.cpp">
      <Filter>Source Files\Entities\Components</Filter>
    </ClCompile>
    <ClCompile Include="InputSystem.cpp">
      <Filter>Source Files\Entities\Systems</Filter>
    </ClCompile>
    <ClCompile Include="Transform.cpp">
      <Filter>Source Files\Entities\Components</Filter>
    </ClCompile>
    <ClCompile Include="EntityUtils.cpp">
      <Filter>Source Files\Utils</Filter>
    </ClCompile>
    <ClCompile Include="GameObject.cpp">
      <Filter>Source Files\GameObjects</Filter>
    </ClCompile>
    <ClCompile Include="ClassRegistry.cpp">
      <Filter>Source Files</Filter>
    </ClCompile>
    <ClCompile Include="EventBase.cpp">
      <Filter>Source Files\Events</Filter>
    </ClCompile>
    <ClCompile Include="EventManager.cpp">
      <Filter>Source Files\Events</Filter>
    </ClCompile>
    <ClCompile Include="EventListener.cpp">
      <Filter>Source Files\Events</Filter>
    </ClCompile>
    <ClCompile Include="InputEvent.cpp">
      <Filter>Source Files\Events\CustomEvents</Filter>
    </ClCompile>
    <ClCompile Include="Animations.cpp">
      <Filter>Source Files\Entities\Animations</Filter>
    </ClCompile>
    <ClCompile Include="BehaviourTree.cpp">
      <Filter>Source Files\Entities\Components</Filter>
    </ClCompile>
    <ClCompile Include="BTEngine.cpp">
      <Filter>Source Files\Entities\Systems</Filter>
    </ClCompile>
    <ClCompile Include="Sequence.cpp">
      <Filter>Source Files\Entities\BT_BasicNodes</Filter>
    </ClCompile>
    <ClCompile Include="Selector.cpp">
      <Filter>Source Files\Entities\BT_BasicNodes</Filter>
    </ClCompile>
    <ClCompile Include="Patrolling.cpp">
      <Filter>Game Test\Source Files\GameObjects\BTs</Filter>
    </ClCompile>
    <ClCompile Include="Repeater.cpp">
      <Filter>Source Files\Entities\BT_BasicNodes</Filter>
    </ClCompile>
    <ClCompile Include="Door.cpp">
      <Filter>Game Test\Source Files\GameObjects</Filter>
    </ClCompile>
    <ClCompile Include="Luigi.cpp">
      <Filter>Game Test\Source Files\GameObjects</Filter>
    </ClCompile>
    <ClCompile Include="Player.cpp">
      <Filter>Game Test\Source Files\GameObjects</Filter>
    </ClCompile>
    <ClCompile Include="AttackWhenInRange.cpp">
      <Filter>Game Test\Source Files\GameObjects\BTs</Filter>
    </ClCompile>
    <ClCompile Include="GeometryDebugger.cpp">
      <Filter>Source Files\Debug</Filter>
    </ClCompile>
  </ItemGroup>
  <ItemGroup>
    <ClInclude Include="stdafx.h">
      <Filter>Header Files</Filter>
    </ClInclude>
    <ClInclude Include="Camera.hpp">
      <Filter>Header Files</Filter>
    </ClInclude>
    <ClInclude Include="CollisionEvent.hpp">
      <Filter>Header Files</Filter>
    </ClInclude>
    <ClInclude Include="Constants.hpp">
      <Filter>Header Files</Filter>
    </ClInclude>
    <ClInclude Include="Engine.hpp">
      <Filter>Header Files</Filter>
    </ClInclude>
    <ClInclude Include="Event.hpp">
      <Filter>Header Files</Filter>
    </ClInclude>
    <ClInclude Include="FPS.hpp">
      <Filter>Header Files</Filter>
    </ClInclude>
    <ClInclude Include="ResourcePath.hpp">
      <Filter>Header Files</Filter>
    </ClInclude>
    <ClInclude Include="tmx\DebugShape.hpp">
      <Filter>tmxLoader\header\tmx</Filter>
    </ClInclude>
    <ClInclude Include="tmx\Export.hpp">
      <Filter>tmxLoader\header\tmx</Filter>
    </ClInclude>
    <ClInclude Include="tmx\Helpers.hpp">
      <Filter>tmxLoader\header\tmx</Filter>
    </ClInclude>
    <ClInclude Include="tmx\Log.hpp">
      <Filter>tmxLoader\header\tmx</Filter>
    </ClInclude>
    <ClInclude Include="tmx\MapLayer.hpp">
      <Filter>tmxLoader\header\tmx</Filter>
    </ClInclude>
    <ClInclude Include="tmx\MapLoader.hpp">
      <Filter>tmxLoader\header\tmx</Filter>
    </ClInclude>
    <ClInclude Include="tmx\MapObject.hpp">
      <Filter>tmxLoader\header\tmx</Filter>
    </ClInclude>
    <ClInclude Include="tmx\miniz.h">
      <Filter>tmxLoader\header\tmx</Filter>
    </ClInclude>
    <ClInclude Include="tmx\QuadTreeNode.hpp">
      <Filter>tmxLoader\header\tmx</Filter>
    </ClInclude>
    <ClInclude Include="tmx\pugixml\pugixml.hpp">
      <Filter>tmxLoader\header\pugixml</Filter>
    </ClInclude>
    <ClInclude Include="tmx\pugixml\pugiconfig.hpp">
      <Filter>tmxLoader\header\pugixml</Filter>
    </ClInclude>
    <ClInclude Include="Acceleration.hpp">
      <Filter>Header Files\Entities\Components</Filter>
    </ClInclude>
    <ClInclude Include="Animation.hpp">
      <Filter>Header Files\Entities\Components</Filter>
    </ClInclude>
    <ClInclude Include="Appearance.hpp">
      <Filter>Header Files\Entities\Components</Filter>
    </ClInclude>
    <ClInclude Include="Collider.hpp">
      <Filter>Header Files\Entities\Components</Filter>
    </ClInclude>
    <ClInclude Include="Component.hpp">
      <Filter>Header Files\Entities\Components</Filter>
    </ClInclude>
    <ClInclude Include="ComponentBase.hpp">
      <Filter>Header Files\Entities\Components</Filter>
    </ClInclude>
    <ClInclude Include="Controller.hpp">
      <Filter>Header Files\Entities\Components</Filter>
    </ClInclude>
    <ClInclude Include="Velocity.hpp">
      <Filter>Header Files\Entities\Components</Filter>
    </ClInclude>
    <ClInclude Include="Animator.hpp">
      <Filter>Header Files\Entities\Systems</Filter>
    </ClInclude>
    <ClInclude Include="Movement.hpp">
      <Filter>Header Files\Entities\Systems</Filter>
    </ClInclude>
    <ClInclude Include="Renderer.hpp">
      <Filter>Header Files\Entities\Systems</Filter>
    </ClInclude>
    <ClInclude Include="SystemBase.hpp">
      <Filter>Header Files\Entities\Systems</Filter>
    </ClInclude>
    <ClInclude Include="System.hpp">
      <Filter>Header Files\Entities\Systems</Filter>
    </ClInclude>
    <ClInclude Include="GameObjectType.hpp">
      <Filter>Header Files\Entities</Filter>
    </ClInclude>
    <ClInclude Include="Utils.hpp">
      <Filter>Header Files\Utils</Filter>
    </ClInclude>
    <ClInclude Include="UtilConstants.hpp">
      <Filter>Header Files\Utils</Filter>
    </ClInclude>
    <ClInclude Include="World.hpp">
      <Filter>Header Files\Entities</Filter>
    </ClInclude>
    <ClInclude Include="EntityManager.hpp">
      <Filter>Header Files\Entities</Filter>
    </ClInclude>
    <ClInclude Include="SystemManager.hpp">
      <Filter>Header Files\Entities</Filter>
    </ClInclude>
    <ClInclude Include="CollisionDetectionUtils.hpp">
      <Filter>Header Files\Utils</Filter>
    </ClInclude>
    <ClInclude Include="EntityFlag.hpp">
      <Filter>Header Files\Entities\Components</Filter>
    </ClInclude>
    <ClInclude Include="InputSystem.hpp">
      <Filter>Header Files\Entities\Systems</Filter>
    </ClInclude>
    <ClInclude Include="Transform.hpp">
      <Filter>Header Files\Entities\Components</Filter>
    </ClInclude>
    <ClInclude Include="EntityUtils.hpp">
      <Filter>Header Files\Utils</Filter>
    </ClInclude>
    <ClInclude Include="GameObject.hpp">
      <Filter>Header Files\GameObjects</Filter>
    </ClInclude>
    <ClInclude Include="ClassRegistry.hpp">
      <Filter>Header Files</Filter>
    </ClInclude>
    <ClInclude Include="EventBase.hpp">
      <Filter>Header Files\Events</Filter>
    </ClInclude>
    <ClInclude Include="EventManager.hpp">
      <Filter>Header Files\Events</Filter>
    </ClInclude>
    <ClInclude Include="EventListener.hpp">
      <Filter>Header Files\Events</Filter>
    </ClInclude>
    <ClInclude Include="InputEvent.hpp">
      <Filter>Header Files\Events\CustomEvents</Filter>
    </ClInclude>
    <ClInclude Include="Animations.hpp">
      <Filter>Header Files\Entities\Animations</Filter>
    </ClInclude>
    <ClInclude Include="BehaviourTree.hpp">
      <Filter>Header Files\Entities\Components</Filter>
    </ClInclude>
    <ClInclude Include="BTEngine.hpp">
      <Filter>Header Files\Entities\Systems</Filter>
    </ClInclude>
    <ClInclude Include="Sequence.hpp">
      <Filter>Header Files\Entities\BT basic nodes\Composite</Filter>
    </ClInclude>
    <ClInclude Include="Selector.hpp">
      <Filter>Header Files\Entities\BT basic nodes\Composite</Filter>
    </ClInclude>
    <ClInclude Include="Patrolling.hpp">
      <Filter>Game Test\Header Files\GameObjects\BTs</Filter>
    </ClInclude>
    <ClInclude Include="Repeater.hpp">
      <Filter>Header Files\Entities\BT basic nodes\Composite</Filter>
    </ClInclude>
    <ClInclude Include="Door.hpp">
      <Filter>Game Test\Header Files\GameObjects</Filter>
    </ClInclude>
    <ClInclude Include="Luigi.hpp">
      <Filter>Game Test\Header Files\GameObjects</Filter>
    </ClInclude>
    <ClInclude Include="Player.hpp">
      <Filter>Game Test\Header Files\GameObjects</Filter>
    </ClInclude>
    <ClInclude Include="AttackWhenInRange.h">
      <Filter>Game Test\Header Files\GameObjects\BTs</Filter>
    </ClInclude>
    <ClInclude Include="GeometryDebugger.h">
      <Filter>Header Files\Debug</Filter>
    </ClInclude>
  </ItemGroup>
  <ItemGroup>
    <None Include="Component.tpp">
      <Filter>Source Files\Entities\Components</Filter>
    </None>
    <None Include="System.tpp">
      <Filter>Source Files\Entities\Systems</Filter>
    </None>
  </ItemGroup>
</Project>